
Microsoft Visual Studio Solution File, Format Version 12.00
# Visual Studio Version 17
VisualStudioVersion = 17.11.35312.102
MinimumVisualStudioVersion = 10.0.40219.1
Project("{9A19103F-16F7-4668-BE54-9A1E7A4F7556}") = "sachssoft.SimpleSerialTool", "sachssoft.SimpleSerialTool.csproj", "{BC1C7040-EB25-4E13-81FC-35C633AC1B9E}"
EndProject
Global
	GlobalSection(SolutionConfigurationPlatforms) = preSolution
		Debug|Any CPU = Debug|Any CPU
		Release|Any CPU = Release|Any CPU
	EndGlobalSection
	GlobalSection(ProjectConfigurationPlatforms) = postSolution
		{BC1C7040-EB25-4E13-81FC-35C633AC1B9E}.Debug|Any CPU.ActiveCfg = Debug|Any CPU
		{BC1C7040-EB25-4E13-81FC-35C633AC1B9E}.Debug|Any CPU.Build.0 = Debug|Any CPU
		{BC1C7040-EB25-4E13-81FC-35C633AC1B9E}.Release|Any CPU.ActiveCfg = Release|Any CPU
		{BC1C7040-EB25-4E13-81FC-35C633AC1B9E}.Release|Any CPU.Build.0 = Release|Any CPU
	EndGlobalSection
	GlobalSection(SolutionProperties) = preSolution
		HideSolutionNode = FALSE
	EndGlobalSection
	GlobalSection(ExtensibilityGlobals) = postSolution
		SolutionGuid = {E0B4FA20-EFBD-4ED4-940E-1FAB11C5DD5E}
	EndGlobalSection
EndGlobal
